<?xml version="1.0" encoding="utf-8"?>
<Project ToolsVersion="4.0" xmlns="http://schemas.microsoft.com/developer/msbuild/2003">
  <ItemGroup>
    <ClCompile Include="main.cpp" />
    <ClCompile Include="Animation.cpp">
      <Filter>Classes</Filter>
    </ClCompile>
    <ClCompile Include="Personnage.cpp">
      <Filter>Classes</Filter>
    </ClCompile>
    <ClCompile Include="AnimatedSprite.cpp">
      <Filter>Classes</Filter>
    </ClCompile>
    <ClCompile Include="Map.cpp">
      <Filter>Classes</Filter>
    </ClCompile>
    <ClCompile Include="Zombie.cpp">
      <Filter>Classes</Filter>
    </ClCompile>
    <ClCompile Include="TileMap.cpp">
      <Filter>Classes</Filter>
    </ClCompile>
  </ItemGroup>
  <ItemGroup>
    <ClInclude Include="AnimatedSprite.hpp">
      <Filter>En-tête</Filter>
    </ClInclude>
    <ClInclude Include="Animation.hpp">
      <Filter>En-tête</Filter>
    </ClInclude>
    <ClInclude Include="Personnage.h">
      <Filter>En-tête</Filter>
    </ClInclude>
    <ClInclude Include="Map.h">
      <Filter>En-tête</Filter>
    </ClInclude>
    <ClInclude Include="Zombie.h">
      <Filter>En-tête</Filter>
    </ClInclude>
  </ItemGroup>
  <ItemGroup>
    <Filter Include="En-tête">
      <UniqueIdentifier>{6c5b6b25-7f31-43ee-9fb7-a515209f6c34}</UniqueIdentifier>
    </Filter>
    <Filter Include="Classes">
      <UniqueIdentifier>{f6e85c52-4879-4ae6-aacd-158026cd9eb5}</UniqueIdentifier>
    </Filter>
  </ItemGroup>
</Project>